
Microsoft Visual Studio Solution File, Format Version 12.00
# Visual Studio 15
VisualStudioVersion = 15.0.28010.2041
MinimumVisualStudioVersion = 10.0.40219.1
Project("{FAE04EC0-301F-11D3-BF4B-00C04F79EFBC}") = "Server", "Server\Server.csproj", "{D94D8DAF-A036-401D-940C-5A8FDC2EA84C}"
EndProject
Project("{FAE04EC0-301F-11D3-BF4B-00C04F79EFBC}") = "ByteBuffer", "ByteBuffer\ByteBuffer.csproj", "{E3AE47C8-0CC9-4CED-9D46-4A85B67C264C}"
EndProject
Global
	GlobalSection(SolutionConfigurationPlatforms) = preSolution
		Debug|Any CPU = Debug|Any CPU
		Release|Any CPU = Release|Any CPU
	EndGlobalSection
	GlobalSection(ProjectConfigurationPlatforms) = postSolution
		{D94D8DAF-A036-401D-940C-5A8FDC2EA84C}.Debug|Any CPU.ActiveCfg = Debug|Any CPU
		{D94D8DAF-A036-401D-940C-5A8FDC2EA84C}.Debug|Any CPU.Build.0 = Debug|Any CPU
		{D94D8DAF-A036-401D-940C-5A8FDC2EA84C}.Release|Any CPU.ActiveCfg = Release|Any CPU
		{D94D8DAF-A036-401D-940C-5A8FDC2EA84C}.Release|Any CPU.Build.0 = Release|Any CPU
		{E3AE47C8-0CC9-4CED-9D46-4A85B67C264C}.Debug|Any CPU.ActiveCfg = Debug|Any CPU
		{E3AE47C8-0CC9-4CED-9D46-4A85B67C264C}.Debug|Any CPU.Build.0 = Debug|Any CPU
		{E3AE47C8-0CC9-4CED-9D46-4A85B67C264C}.Release|Any CPU.ActiveCfg = Release|Any CPU
		{E3AE47C8-0CC9-4CED-9D46-4A85B67C264C}.Release|Any CPU.Build.0 = Release|Any CPU
	EndGlobalSection
	GlobalSection(SolutionProperties) = preSolution
		HideSolutionNode = FALSE
	EndGlobalSection
	GlobalSection(ExtensibilityGlobals) = postSolution
		SolutionGuid = {1BAC1478-74BD-4F82-BAE1-F3529E1D2BF6}
	EndGlobalSection
EndGlobal
