
Microsoft Visual Studio Solution File, Format Version 12.00
# Visual Studio 15
VisualStudioVersion = 15.0.28307.960
MinimumVisualStudioVersion = 10.0.40219.1
Project("{FAE04EC0-301F-11D3-BF4B-00C04F79EFBC}") = "Server", "Server\Server.csproj", "{D94D8DAF-A036-401D-940C-5A8FDC2EA84C}"
EndProject
Project("{FAE04EC0-301F-11D3-BF4B-00C04F79EFBC}") = "ByteBuffer", "ByteBuffer\ByteBuffer.csproj", "{E3AE47C8-0CC9-4CED-9D46-4A85B67C264C}"
EndProject
Project("{FAE04EC0-301F-11D3-BF4B-00C04F79EFBC}") = "Data", "PSol.Data\Data.csproj", "{3ED446D3-B597-4D06-B7AC-D5CA8E568FEB}"
EndProject
Project("{FAE04EC0-301F-11D3-BF4B-00C04F79EFBC}") = "DMod", "DMod\DMod\DMod.csproj", "{E4C53D19-DBA8-42F9-98B8-E8CD31B0AD2F}"
EndProject
Project("{2150E333-8FDC-42A3-9474-1A3956D46DE8}") = "Solution Items", "Solution Items", "{9915F24E-726F-44E5-9357-7C36A2B3390F}"
	ProjectSection(SolutionItems) = preProject
		..\.gitignore = ..\.gitignore
	EndProjectSection
EndProject
Global
	GlobalSection(SolutionConfigurationPlatforms) = preSolution
		Debug|Any CPU = Debug|Any CPU
		Release|Any CPU = Release|Any CPU
	EndGlobalSection
	GlobalSection(ProjectConfigurationPlatforms) = postSolution
		{D94D8DAF-A036-401D-940C-5A8FDC2EA84C}.Debug|Any CPU.ActiveCfg = Debug|Any CPU
		{D94D8DAF-A036-401D-940C-5A8FDC2EA84C}.Debug|Any CPU.Build.0 = Debug|Any CPU
		{D94D8DAF-A036-401D-940C-5A8FDC2EA84C}.Release|Any CPU.ActiveCfg = Release|Any CPU
		{D94D8DAF-A036-401D-940C-5A8FDC2EA84C}.Release|Any CPU.Build.0 = Release|Any CPU
		{E3AE47C8-0CC9-4CED-9D46-4A85B67C264C}.Debug|Any CPU.ActiveCfg = Debug|Any CPU
		{E3AE47C8-0CC9-4CED-9D46-4A85B67C264C}.Debug|Any CPU.Build.0 = Debug|Any CPU
		{E3AE47C8-0CC9-4CED-9D46-4A85B67C264C}.Release|Any CPU.ActiveCfg = Release|Any CPU
		{E3AE47C8-0CC9-4CED-9D46-4A85B67C264C}.Release|Any CPU.Build.0 = Release|Any CPU
		{3ED446D3-B597-4D06-B7AC-D5CA8E568FEB}.Debug|Any CPU.ActiveCfg = Debug|Any CPU
		{3ED446D3-B597-4D06-B7AC-D5CA8E568FEB}.Debug|Any CPU.Build.0 = Debug|Any CPU
		{3ED446D3-B597-4D06-B7AC-D5CA8E568FEB}.Release|Any CPU.ActiveCfg = Release|Any CPU
		{3ED446D3-B597-4D06-B7AC-D5CA8E568FEB}.Release|Any CPU.Build.0 = Release|Any CPU
		{E4C53D19-DBA8-42F9-98B8-E8CD31B0AD2F}.Debug|Any CPU.ActiveCfg = Debug|Any CPU
		{E4C53D19-DBA8-42F9-98B8-E8CD31B0AD2F}.Debug|Any CPU.Build.0 = Debug|Any CPU
		{E4C53D19-DBA8-42F9-98B8-E8CD31B0AD2F}.Release|Any CPU.ActiveCfg = Release|Any CPU
		{E4C53D19-DBA8-42F9-98B8-E8CD31B0AD2F}.Release|Any CPU.Build.0 = Release|Any CPU
	EndGlobalSection
	GlobalSection(SolutionProperties) = preSolution
		HideSolutionNode = FALSE
	EndGlobalSection
	GlobalSection(ExtensibilityGlobals) = postSolution
		SolutionGuid = {1BAC1478-74BD-4F82-BAE1-F3529E1D2BF6}
	EndGlobalSection
EndGlobal
